<?xml version="1.0" encoding="utf-8"?>
<Project ToolsVersion="4.0" xmlns="http://schemas.microsoft.com/developer/msbuild/2003">
  <ItemGroup>
    <Filter Include="Source Files">
      <UniqueIdentifier>{4FC737F1-C7A5-4376-A066-2A32D752A2FF}</UniqueIdentifier>
      <Extensions>cpp;c;cc;cxx;def;odl;idl;hpj;bat;asm;asmx</Extensions>
    </Filter>
    <Filter Include="Header Files">
      <UniqueIdentifier>{93995380-89BD-4b04-88EB-625FBE52EBFB}</UniqueIdentifier>
      <Extensions>h;hh;hpp;hxx;hm;inl;inc;ipp;xsd</Extensions>
    </Filter>
    <Filter Include="Resource Files">
      <UniqueIdentifier>{67DA6AB6-F800-4c08-8B7A-83BB121AAD01}</UniqueIdentifier>
      <Extensions>rc;ico;cur;bmp;dlg;rc2;rct;bin;rgs;gif;jpg;jpeg;jpe;resx;tiff;tif;png;wav;mfcribbon-ms</Extensions>
    </Filter>
    <Filter Include="Test">
      <UniqueIdentifier>{ecace997-9d89-4a1d-b474-028102543661}</UniqueIdentifier>
    </Filter>
  </ItemGroup>
  <ItemGroup>
    <None Include="cpp.hint" />
  </ItemGroup>
  <ItemGroup>
    <ClInclude Include="framework.h">
      <Filter>Header Files</Filter>
    </ClInclude>
    <ClInclude Include="Service.Mpr.h">
      <Filter>Header Files</Filter>
    </ClInclude>
    <ClInclude Include="pch.h">
      <Filter>Header Files</Filter>
    </ClInclude>
    <ClInclude Include="..\Include\Services\Mpr\MprService.h">
      <Filter>Header Files</Filter>
    </ClInclude>
    <ClInclude Include="..\Include\Services\Mpr\MprParameter.h">
      <Filter>Header Files</Filter>
    </ClInclude>
    <ClInclude Include="..\Include\Services\Mpr\MprResult.h">
      <Filter>Header Files</Filter>
    </ClInclude>
    <ClInclude Include="..\Include\Services\Mpr\ExportFlagDefine.h">
      <Filter>Header Files</Filter>
    </ClInclude>
    <ClInclude Include="..\Include\VTK_GLOBAL_IMPORT_DEFINE.h">
      <Filter>Header Files</Filter>
    </ClInclude>
    <ClInclude Include="vtkImageResliceEx.h">
      <Filter>Header Files</Filter>
    </ClInclude>
    <ClInclude Include="vtkImageInterpolatorInternals.h">
      <Filter>Header Files</Filter>
    </ClInclude>
    <ClInclude Include="ToBeimport\BoxIntersectionProcess.h">
      <Filter>Test</Filter>
    </ClInclude>
    <ClInclude Include="ToBeimport\GeometryFun.h">
      <Filter>Test</Filter>
    </ClInclude>
    <ClInclude Include="ToBeimport\LineMix.h">
      <Filter>Test</Filter>
    </ClInclude>
    <ClInclude Include="ToBeimport\MPRPlane.h">
      <Filter>Test</Filter>
    </ClInclude>
  </ItemGroup>
  <ItemGroup>
    <ClCompile Include="Service.Mpr.cpp">
      <Filter>Source Files</Filter>
    </ClCompile>
    <ClCompile Include="pch.cpp">
      <Filter>Source Files</Filter>
    </ClCompile>
    <ClCompile Include="MprService.cpp">
      <Filter>Source Files</Filter>
    </ClCompile>
    <ClCompile Include="MprParameter.cpp">
      <Filter>Source Files</Filter>
    </ClCompile>
    <ClCompile Include="MprResult.cpp">
      <Filter>Source Files</Filter>
    </ClCompile>
    <ClCompile Include="vtkImageResliceEx.cpp">
      <Filter>Source Files</Filter>
    </ClCompile>
    <ClCompile Include="ToBeimport\BoxIntersectionProcess.cpp">
      <Filter>Test</Filter>
    </ClCompile>
    <ClCompile Include="ToBeimport\GeometryFun.cpp">
      <Filter>Test</Filter>
    </ClCompile>
    <ClCompile Include="ToBeimport\LineMix.cpp">
      <Filter>Test</Filter>
    </ClCompile>
    <ClCompile Include="ToBeimport\MPRPlane.cpp">
      <Filter>Test</Filter>
    </ClCompile>
    <ClCompile Include="ToBeimport\MPRTestView.cpp">
      <Filter>Test</Filter>
    </ClCompile>
  </ItemGroup>
</Project>