
Microsoft Visual Studio Solution File, Format Version 12.00
# Visual Studio 15
VisualStudioVersion = 15.0.28307.1259
MinimumVisualStudioVersion = 10.0.40219.1
Project("{2150E333-8FDC-42A3-9474-1A3956D46DE8}") = "Application", "Application", "{2500E42D-CDF7-4CB8-84E7-CAF0D9C242ED}"
EndProject
Project("{2150E333-8FDC-42A3-9474-1A3956D46DE8}") = "Foundations", "Foundations", "{9A20E503-04FE-4D56-8524-BD40E1AE50B6}"
EndProject
Project("{2150E333-8FDC-42A3-9474-1A3956D46DE8}") = "Services", "Services", "{4E9C5EBE-3D71-4DE7-B488-0FF4269D6CBA}"
EndProject
Project("{8BC9CEB8-8B4A-11D0-8D11-00A0C91BC942}") = "StarLightStation", "StarLightStation\StarLightStation.vcxproj", "{EDCF27F6-0A31-4A8D-A8C9-368E931543FE}"
	ProjectSection(ProjectDependencies) = postProject
		{5FE79315-9399-49C9-957E-2DC12766ACE6} = {5FE79315-9399-49C9-957E-2DC12766ACE6}
		{A548AA1F-093E-476A-9710-3B641E65F467} = {A548AA1F-093E-476A-9710-3B641E65F467}
		{8164382D-DB9A-4CDA-9854-94F66BFA02A9} = {8164382D-DB9A-4CDA-9854-94F66BFA02A9}
		{1066A542-277F-4EAE-A1A5-4E862067907A} = {1066A542-277F-4EAE-A1A5-4E862067907A}
		{0D736B46-1066-4E76-BC6D-1DDABC336C7D} = {0D736B46-1066-4E76-BC6D-1DDABC336C7D}
		{6E5A9046-A336-4368-ACC9-FBFF7CA4DEB3} = {6E5A9046-A336-4368-ACC9-FBFF7CA4DEB3}
		{04BE5B47-8AB6-433D-8605-42619FA2F4F8} = {04BE5B47-8AB6-433D-8605-42619FA2F4F8}
		{8EE4194A-6B8A-4984-AC7F-9524EBE70E36} = {8EE4194A-6B8A-4984-AC7F-9524EBE70E36}
		{64420168-42EC-4226-8099-030EC0F243F3} = {64420168-42EC-4226-8099-030EC0F243F3}
		{BD9B84A2-7725-48E3-9E81-58D05DF9E14E} = {BD9B84A2-7725-48E3-9E81-58D05DF9E14E}
		{97DC4FBE-33A5-431A-9FD7-02E74A685D22} = {97DC4FBE-33A5-431A-9FD7-02E74A685D22}
		{A3430AC4-21EC-4765-AD38-F34C0694AD8B} = {A3430AC4-21EC-4765-AD38-F34C0694AD8B}
		{03DFD5EE-9C56-4AF7-8A09-C12D29D24715} = {03DFD5EE-9C56-4AF7-8A09-C12D29D24715}
		{BDFB37F0-97A4-4E0D-9DCD-AA8944218C95} = {BDFB37F0-97A4-4E0D-9DCD-AA8944218C95}
	EndProjectSection
EndProject
Project("{8BC9CEB8-8B4A-11D0-8D11-00A0C91BC942}") = "Foundations.Interfaces", "Foundations.Interfaces\Foundations.Interfaces.vcxproj", "{425534D0-77CE-4F01-8EC3-BA2476FD4916}"
EndProject
Project("{8BC9CEB8-8B4A-11D0-8D11-00A0C91BC942}") = "Foundation.Common", "Foundation.Common\Foundation.Common.vcxproj", "{1C087EA6-E90D-4C66-B699-DFB15B517116}"
EndProject
Project("{8BC9CEB8-8B4A-11D0-8D11-00A0C91BC942}") = "Service.Mpr", "Service.Mpr\Service.Mpr.vcxproj", "{04BE5B47-8AB6-433D-8605-42619FA2F4F8}"
	ProjectSection(ProjectDependencies) = postProject
		{1C087EA6-E90D-4C66-B699-DFB15B517116} = {1C087EA6-E90D-4C66-B699-DFB15B517116}
		{425534D0-77CE-4F01-8EC3-BA2476FD4916} = {425534D0-77CE-4F01-8EC3-BA2476FD4916}
	EndProjectSection
EndProject
Project("{8BC9CEB8-8B4A-11D0-8D11-00A0C91BC942}") = "Service.VR", "Service.VR\Service.VR.vcxproj", "{BD9B84A2-7725-48E3-9E81-58D05DF9E14E}"
	ProjectSection(ProjectDependencies) = postProject
		{65BBBC06-4C00-4A6E-824F-C2A97F8B976C} = {65BBBC06-4C00-4A6E-824F-C2A97F8B976C}
		{1066A542-277F-4EAE-A1A5-4E862067907A} = {1066A542-277F-4EAE-A1A5-4E862067907A}
		{5D6FFE5C-B739-4DA4-8C49-3C9FFF3FE653} = {5D6FFE5C-B739-4DA4-8C49-3C9FFF3FE653}
		{1C087EA6-E90D-4C66-B699-DFB15B517116} = {1C087EA6-E90D-4C66-B699-DFB15B517116}
		{425534D0-77CE-4F01-8EC3-BA2476FD4916} = {425534D0-77CE-4F01-8EC3-BA2476FD4916}
		{03DFD5EE-9C56-4AF7-8A09-C12D29D24715} = {03DFD5EE-9C56-4AF7-8A09-C12D29D24715}
		{BDFB37F0-97A4-4E0D-9DCD-AA8944218C95} = {BDFB37F0-97A4-4E0D-9DCD-AA8944218C95}
	EndProjectSection
EndProject
Project("{2150E333-8FDC-42A3-9474-1A3956D46DE8}") = "Utilities", "Utilities", "{A902CBCC-A1FA-4896-B674-9F243D8726D7}"
EndProject
Project("{8BC9CEB8-8B4A-11D0-8D11-00A0C91BC942}") = "Utilities.Configuration", "Utilities.Configuration\Utilities.Configuration.vcxproj", "{BDFB37F0-97A4-4E0D-9DCD-AA8944218C95}"
	ProjectSection(ProjectDependencies) = postProject
		{1C087EA6-E90D-4C66-B699-DFB15B517116} = {1C087EA6-E90D-4C66-B699-DFB15B517116}
		{425534D0-77CE-4F01-8EC3-BA2476FD4916} = {425534D0-77CE-4F01-8EC3-BA2476FD4916}
	EndProjectSection
EndProject
Project("{8BC9CEB8-8B4A-11D0-8D11-00A0C91BC942}") = "Utilities.ImageModule", "Utilities.ImageModule\Utilities.ImageModule.vcxproj", "{1066A542-277F-4EAE-A1A5-4E862067907A}"
	ProjectSection(ProjectDependencies) = postProject
		{1C087EA6-E90D-4C66-B699-DFB15B517116} = {1C087EA6-E90D-4C66-B699-DFB15B517116}
		{03DFD5EE-9C56-4AF7-8A09-C12D29D24715} = {03DFD5EE-9C56-4AF7-8A09-C12D29D24715}
	EndProjectSection
EndProject
Project("{8BC9CEB8-8B4A-11D0-8D11-00A0C91BC942}") = "Utilities.ImageViewer", "Utilities.ImageViewer\Utilities.ImageViewer.vcxproj", "{97DC4FBE-33A5-431A-9FD7-02E74A685D22}"
	ProjectSection(ProjectDependencies) = postProject
		{1066A542-277F-4EAE-A1A5-4E862067907A} = {1066A542-277F-4EAE-A1A5-4E862067907A}
	EndProjectSection
EndProject
Project("{8BC9CEB8-8B4A-11D0-8D11-00A0C91BC942}") = "Foundation.DataModule", "Foundation.DataModule\Foundation.DataModule.vcxproj", "{65BBBC06-4C00-4A6E-824F-C2A97F8B976C}"
EndProject
Project("{8BC9CEB8-8B4A-11D0-8D11-00A0C91BC942}") = "Utilities.Database", "Utilities.Database\Utilities.Database.vcxproj", "{0D736B46-1066-4E76-BC6D-1DDABC336C7D}"
	ProjectSection(ProjectDependencies) = postProject
		{65BBBC06-4C00-4A6E-824F-C2A97F8B976C} = {65BBBC06-4C00-4A6E-824F-C2A97F8B976C}
		{5D6FFE5C-B739-4DA4-8C49-3C9FFF3FE653} = {5D6FFE5C-B739-4DA4-8C49-3C9FFF3FE653}
		{1C087EA6-E90D-4C66-B699-DFB15B517116} = {1C087EA6-E90D-4C66-B699-DFB15B517116}
		{03DFD5EE-9C56-4AF7-8A09-C12D29D24715} = {03DFD5EE-9C56-4AF7-8A09-C12D29D24715}
	EndProjectSection
EndProject
Project("{8BC9CEB8-8B4A-11D0-8D11-00A0C91BC942}") = "Foundation.Log", "Foundation.Log\Foundation.Log.vcxproj", "{5D6FFE5C-B739-4DA4-8C49-3C9FFF3FE653}"
EndProject
Project("{2150E333-8FDC-42A3-9474-1A3956D46DE8}") = "SystemServer", "SystemServer", "{E0CEF886-6277-4155-A46C-4BA40B884AB8}"
EndProject
Project("{8BC9CEB8-8B4A-11D0-8D11-00A0C91BC942}") = "Utilities.DicomClient", "Utilities.DicomClient\Utilities.DicomClient.vcxproj", "{A548AA1F-093E-476A-9710-3B641E65F467}"
	ProjectSection(ProjectDependencies) = postProject
		{5D6FFE5C-B739-4DA4-8C49-3C9FFF3FE653} = {5D6FFE5C-B739-4DA4-8C49-3C9FFF3FE653}
		{1C087EA6-E90D-4C66-B699-DFB15B517116} = {1C087EA6-E90D-4C66-B699-DFB15B517116}
	EndProjectSection
EndProject
Project("{8BC9CEB8-8B4A-11D0-8D11-00A0C91BC942}") = "Utilities.DicomServer", "Utilities.DicomServer\Utilities.DicomServer.vcxproj", "{8EE4194A-6B8A-4984-AC7F-9524EBE70E36}"
	ProjectSection(ProjectDependencies) = postProject
		{65BBBC06-4C00-4A6E-824F-C2A97F8B976C} = {65BBBC06-4C00-4A6E-824F-C2A97F8B976C}
		{5D6FFE5C-B739-4DA4-8C49-3C9FFF3FE653} = {5D6FFE5C-B739-4DA4-8C49-3C9FFF3FE653}
		{1C087EA6-E90D-4C66-B699-DFB15B517116} = {1C087EA6-E90D-4C66-B699-DFB15B517116}
		{425534D0-77CE-4F01-8EC3-BA2476FD4916} = {425534D0-77CE-4F01-8EC3-BA2476FD4916}
	EndProjectSection
EndProject
Project("{8BC9CEB8-8B4A-11D0-8D11-00A0C91BC942}") = "SystemServer.StarLightServer", "SystemServer.StarLightServer\SystemServer.StarLightServer.vcxproj", "{3A70EB27-3C10-425E-A429-A7F194E7C960}"
	ProjectSection(ProjectDependencies) = postProject
		{8EE4194A-6B8A-4984-AC7F-9524EBE70E36} = {8EE4194A-6B8A-4984-AC7F-9524EBE70E36}
		{BDFB37F0-97A4-4E0D-9DCD-AA8944218C95} = {BDFB37F0-97A4-4E0D-9DCD-AA8944218C95}
	EndProjectSection
EndProject
Project("{8BC9CEB8-8B4A-11D0-8D11-00A0C91BC942}") = "SystemServer.StarLightServerPS", "SystemServer.StarLightServerPS\SystemServer.StarLightServerPS.vcxproj", "{01545C98-2BF1-4E3C-AC41-39062AC81569}"
	ProjectSection(ProjectDependencies) = postProject
		{3A70EB27-3C10-425E-A429-A7F194E7C960} = {3A70EB27-3C10-425E-A429-A7F194E7C960}
	EndProjectSection
EndProject
Project("{8BC9CEB8-8B4A-11D0-8D11-00A0C91BC942}") = "PatientListFrameViewModel", "PatientListFrameViewModel\PatientListFrameViewModel.vcxproj", "{A3430AC4-21EC-4765-AD38-F34C0694AD8B}"
EndProject
Project("{2150E333-8FDC-42A3-9474-1A3956D46DE8}") = "ViewModels", "ViewModels", "{F05CEC93-08F6-4B7C-BA22-52EB0C83F0FB}"
EndProject
Project("{8BC9CEB8-8B4A-11D0-8D11-00A0C91BC942}") = "ImageFrameViewModel", "ImageFrameViewModel\ImageFrameViewModel.vcxproj", "{8164382D-DB9A-4CDA-9854-94F66BFA02A9}"
	ProjectSection(ProjectDependencies) = postProject
		{1066A542-277F-4EAE-A1A5-4E862067907A} = {1066A542-277F-4EAE-A1A5-4E862067907A}
		{5D6FFE5C-B739-4DA4-8C49-3C9FFF3FE653} = {5D6FFE5C-B739-4DA4-8C49-3C9FFF3FE653}
		{1C087EA6-E90D-4C66-B699-DFB15B517116} = {1C087EA6-E90D-4C66-B699-DFB15B517116}
	EndProjectSection
EndProject
Project("{8BC9CEB8-8B4A-11D0-8D11-00A0C91BC942}") = "Utilities.Messenger", "Utilities.Messenger\Utilities.Messenger.vcxproj", "{03DFD5EE-9C56-4AF7-8A09-C12D29D24715}"
EndProject
Project("{8BC9CEB8-8B4A-11D0-8D11-00A0C91BC942}") = "SettingFrameViewModel", "SettingFrameViewModel\SettingFrameViewModel.vcxproj", "{6E5A9046-A336-4368-ACC9-FBFF7CA4DEB3}"
	ProjectSection(ProjectDependencies) = postProject
		{BDFB37F0-97A4-4E0D-9DCD-AA8944218C95} = {BDFB37F0-97A4-4E0D-9DCD-AA8944218C95}
	EndProjectSection
EndProject
Project("{8BC9CEB8-8B4A-11D0-8D11-00A0C91BC942}") = "MprFrameViewModel", "MprFrameViewModel\MprFrameViewModel.vcxproj", "{5FE79315-9399-49C9-957E-2DC12766ACE6}"
	ProjectSection(ProjectDependencies) = postProject
		{65BBBC06-4C00-4A6E-824F-C2A97F8B976C} = {65BBBC06-4C00-4A6E-824F-C2A97F8B976C}
		{8164382D-DB9A-4CDA-9854-94F66BFA02A9} = {8164382D-DB9A-4CDA-9854-94F66BFA02A9}
		{04BE5B47-8AB6-433D-8605-42619FA2F4F8} = {04BE5B47-8AB6-433D-8605-42619FA2F4F8}
		{5D6FFE5C-B739-4DA4-8C49-3C9FFF3FE653} = {5D6FFE5C-B739-4DA4-8C49-3C9FFF3FE653}
		{1C087EA6-E90D-4C66-B699-DFB15B517116} = {1C087EA6-E90D-4C66-B699-DFB15B517116}
		{425534D0-77CE-4F01-8EC3-BA2476FD4916} = {425534D0-77CE-4F01-8EC3-BA2476FD4916}
	EndProjectSection
EndProject
Project("{8BC9CEB8-8B4A-11D0-8D11-00A0C91BC942}") = "VRFrameViewModel", "VRFrameViewModel\VRFrameViewModel.vcxproj", "{64420168-42EC-4226-8099-030EC0F243F3}"
	ProjectSection(ProjectDependencies) = postProject
		{BD9B84A2-7725-48E3-9E81-58D05DF9E14E} = {BD9B84A2-7725-48E3-9E81-58D05DF9E14E}
		{03DFD5EE-9C56-4AF7-8A09-C12D29D24715} = {03DFD5EE-9C56-4AF7-8A09-C12D29D24715}
	EndProjectSection
EndProject
Project("{8BC9CEB8-8B4A-11D0-8D11-00A0C91BC942}") = "Service.Paronama", "Service.Paronama\Service.Paronama.vcxproj", "{20003C35-6950-499D-AF7D-F7AD4FB79CF4}"
	ProjectSection(ProjectDependencies) = postProject
		{65BBBC06-4C00-4A6E-824F-C2A97F8B976C} = {65BBBC06-4C00-4A6E-824F-C2A97F8B976C}
		{1066A542-277F-4EAE-A1A5-4E862067907A} = {1066A542-277F-4EAE-A1A5-4E862067907A}
		{5D6FFE5C-B739-4DA4-8C49-3C9FFF3FE653} = {5D6FFE5C-B739-4DA4-8C49-3C9FFF3FE653}
		{1C087EA6-E90D-4C66-B699-DFB15B517116} = {1C087EA6-E90D-4C66-B699-DFB15B517116}
		{425534D0-77CE-4F01-8EC3-BA2476FD4916} = {425534D0-77CE-4F01-8EC3-BA2476FD4916}
		{BDFB37F0-97A4-4E0D-9DCD-AA8944218C95} = {BDFB37F0-97A4-4E0D-9DCD-AA8944218C95}
	EndProjectSection
EndProject
Project("{8BC9CEB8-8B4A-11D0-8D11-00A0C91BC942}") = "ParonamaFrameViewModel", "ParonamaFrameViewModel\ParonamaFrameViewModel.vcxproj", "{30A465ED-37B6-4358-9EDB-680EBFF88B22}"
EndProject
Global
	GlobalSection(SolutionConfigurationPlatforms) = preSolution
		Debug|x64 = Debug|x64
		Debug|x86 = Debug|x86
		Release|x64 = Release|x64
		Release|x86 = Release|x86
	EndGlobalSection
	GlobalSection(ProjectConfigurationPlatforms) = postSolution
		{EDCF27F6-0A31-4A8D-A8C9-368E931543FE}.Debug|x64.ActiveCfg = Debug|x64
		{EDCF27F6-0A31-4A8D-A8C9-368E931543FE}.Debug|x64.Build.0 = Debug|x64
		{EDCF27F6-0A31-4A8D-A8C9-368E931543FE}.Debug|x86.ActiveCfg = Debug|x64
		{EDCF27F6-0A31-4A8D-A8C9-368E931543FE}.Release|x64.ActiveCfg = Release|x64
		{EDCF27F6-0A31-4A8D-A8C9-368E931543FE}.Release|x64.Build.0 = Release|x64
		{EDCF27F6-0A31-4A8D-A8C9-368E931543FE}.Release|x86.ActiveCfg = Release|x64
		{425534D0-77CE-4F01-8EC3-BA2476FD4916}.Debug|x64.ActiveCfg = Debug|x64
		{425534D0-77CE-4F01-8EC3-BA2476FD4916}.Debug|x64.Build.0 = Debug|x64
		{425534D0-77CE-4F01-8EC3-BA2476FD4916}.Debug|x86.ActiveCfg = Debug|Win32
		{425534D0-77CE-4F01-8EC3-BA2476FD4916}.Debug|x86.Build.0 = Debug|Win32
		{425534D0-77CE-4F01-8EC3-BA2476FD4916}.Release|x64.ActiveCfg = Release|x64
		{425534D0-77CE-4F01-8EC3-BA2476FD4916}.Release|x64.Build.0 = Release|x64
		{425534D0-77CE-4F01-8EC3-BA2476FD4916}.Release|x86.ActiveCfg = Release|Win32
		{425534D0-77CE-4F01-8EC3-BA2476FD4916}.Release|x86.Build.0 = Release|Win32
		{1C087EA6-E90D-4C66-B699-DFB15B517116}.Debug|x64.ActiveCfg = Debug|x64
		{1C087EA6-E90D-4C66-B699-DFB15B517116}.Debug|x64.Build.0 = Debug|x64
		{1C087EA6-E90D-4C66-B699-DFB15B517116}.Debug|x86.ActiveCfg = Debug|Win32
		{1C087EA6-E90D-4C66-B699-DFB15B517116}.Debug|x86.Build.0 = Debug|Win32
		{1C087EA6-E90D-4C66-B699-DFB15B517116}.Release|x64.ActiveCfg = Release|x64
		{1C087EA6-E90D-4C66-B699-DFB15B517116}.Release|x64.Build.0 = Release|x64
		{1C087EA6-E90D-4C66-B699-DFB15B517116}.Release|x86.ActiveCfg = Release|Win32
		{1C087EA6-E90D-4C66-B699-DFB15B517116}.Release|x86.Build.0 = Release|Win32
		{04BE5B47-8AB6-433D-8605-42619FA2F4F8}.Debug|x64.ActiveCfg = Debug|x64
		{04BE5B47-8AB6-433D-8605-42619FA2F4F8}.Debug|x64.Build.0 = Debug|x64
		{04BE5B47-8AB6-433D-8605-42619FA2F4F8}.Debug|x86.ActiveCfg = Debug|Win32
		{04BE5B47-8AB6-433D-8605-42619FA2F4F8}.Debug|x86.Build.0 = Debug|Win32
		{04BE5B47-8AB6-433D-8605-42619FA2F4F8}.Release|x64.ActiveCfg = Release|x64
		{04BE5B47-8AB6-433D-8605-42619FA2F4F8}.Release|x64.Build.0 = Release|x64
		{04BE5B47-8AB6-433D-8605-42619FA2F4F8}.Release|x86.ActiveCfg = Release|Win32
		{04BE5B47-8AB6-433D-8605-42619FA2F4F8}.Release|x86.Build.0 = Release|Win32
		{BD9B84A2-7725-48E3-9E81-58D05DF9E14E}.Debug|x64.ActiveCfg = Debug|x64
		{BD9B84A2-7725-48E3-9E81-58D05DF9E14E}.Debug|x64.Build.0 = Debug|x64
		{BD9B84A2-7725-48E3-9E81-58D05DF9E14E}.Debug|x86.ActiveCfg = Debug|Win32
		{BD9B84A2-7725-48E3-9E81-58D05DF9E14E}.Debug|x86.Build.0 = Debug|Win32
		{BD9B84A2-7725-48E3-9E81-58D05DF9E14E}.Release|x64.ActiveCfg = Release|x64
		{BD9B84A2-7725-48E3-9E81-58D05DF9E14E}.Release|x64.Build.0 = Release|x64
		{BD9B84A2-7725-48E3-9E81-58D05DF9E14E}.Release|x86.ActiveCfg = Release|Win32
		{BD9B84A2-7725-48E3-9E81-58D05DF9E14E}.Release|x86.Build.0 = Release|Win32
		{BDFB37F0-97A4-4E0D-9DCD-AA8944218C95}.Debug|x64.ActiveCfg = Debug|x64
		{BDFB37F0-97A4-4E0D-9DCD-AA8944218C95}.Debug|x64.Build.0 = Debug|x64
		{BDFB37F0-97A4-4E0D-9DCD-AA8944218C95}.Debug|x86.ActiveCfg = Debug|Win32
		{BDFB37F0-97A4-4E0D-9DCD-AA8944218C95}.Debug|x86.Build.0 = Debug|Win32
		{BDFB37F0-97A4-4E0D-9DCD-AA8944218C95}.Release|x64.ActiveCfg = Release|x64
		{BDFB37F0-97A4-4E0D-9DCD-AA8944218C95}.Release|x64.Build.0 = Release|x64
		{BDFB37F0-97A4-4E0D-9DCD-AA8944218C95}.Release|x86.ActiveCfg = Release|Win32
		{BDFB37F0-97A4-4E0D-9DCD-AA8944218C95}.Release|x86.Build.0 = Release|Win32
		{1066A542-277F-4EAE-A1A5-4E862067907A}.Debug|x64.ActiveCfg = Debug|x64
		{1066A542-277F-4EAE-A1A5-4E862067907A}.Debug|x64.Build.0 = Debug|x64
		{1066A542-277F-4EAE-A1A5-4E862067907A}.Debug|x86.ActiveCfg = Debug|Win32
		{1066A542-277F-4EAE-A1A5-4E862067907A}.Debug|x86.Build.0 = Debug|Win32
		{1066A542-277F-4EAE-A1A5-4E862067907A}.Release|x64.ActiveCfg = Release|x64
		{1066A542-277F-4EAE-A1A5-4E862067907A}.Release|x64.Build.0 = Release|x64
		{1066A542-277F-4EAE-A1A5-4E862067907A}.Release|x86.ActiveCfg = Release|Win32
		{1066A542-277F-4EAE-A1A5-4E862067907A}.Release|x86.Build.0 = Release|Win32
		{97DC4FBE-33A5-431A-9FD7-02E74A685D22}.Debug|x64.ActiveCfg = Debug|x64
		{97DC4FBE-33A5-431A-9FD7-02E74A685D22}.Debug|x64.Build.0 = Debug|x64
		{97DC4FBE-33A5-431A-9FD7-02E74A685D22}.Debug|x86.ActiveCfg = Debug|Win32
		{97DC4FBE-33A5-431A-9FD7-02E74A685D22}.Debug|x86.Build.0 = Debug|Win32
		{97DC4FBE-33A5-431A-9FD7-02E74A685D22}.Release|x64.ActiveCfg = Release|x64
		{97DC4FBE-33A5-431A-9FD7-02E74A685D22}.Release|x64.Build.0 = Release|x64
		{97DC4FBE-33A5-431A-9FD7-02E74A685D22}.Release|x86.ActiveCfg = Release|Win32
		{97DC4FBE-33A5-431A-9FD7-02E74A685D22}.Release|x86.Build.0 = Release|Win32
		{65BBBC06-4C00-4A6E-824F-C2A97F8B976C}.Debug|x64.ActiveCfg = Debug|x64
		{65BBBC06-4C00-4A6E-824F-C2A97F8B976C}.Debug|x64.Build.0 = Debug|x64
		{65BBBC06-4C00-4A6E-824F-C2A97F8B976C}.Debug|x86.ActiveCfg = Debug|Win32
		{65BBBC06-4C00-4A6E-824F-C2A97F8B976C}.Debug|x86.Build.0 = Debug|Win32
		{65BBBC06-4C00-4A6E-824F-C2A97F8B976C}.Release|x64.ActiveCfg = Release|x64
		{65BBBC06-4C00-4A6E-824F-C2A97F8B976C}.Release|x64.Build.0 = Release|x64
		{65BBBC06-4C00-4A6E-824F-C2A97F8B976C}.Release|x86.ActiveCfg = Release|Win32
		{65BBBC06-4C00-4A6E-824F-C2A97F8B976C}.Release|x86.Build.0 = Release|Win32
		{0D736B46-1066-4E76-BC6D-1DDABC336C7D}.Debug|x64.ActiveCfg = Debug|x64
		{0D736B46-1066-4E76-BC6D-1DDABC336C7D}.Debug|x64.Build.0 = Debug|x64
		{0D736B46-1066-4E76-BC6D-1DDABC336C7D}.Debug|x86.ActiveCfg = Debug|Win32
		{0D736B46-1066-4E76-BC6D-1DDABC336C7D}.Debug|x86.Build.0 = Debug|Win32
		{0D736B46-1066-4E76-BC6D-1DDABC336C7D}.Release|x64.ActiveCfg = Release|x64
		{0D736B46-1066-4E76-BC6D-1DDABC336C7D}.Release|x64.Build.0 = Release|x64
		{0D736B46-1066-4E76-BC6D-1DDABC336C7D}.Release|x86.ActiveCfg = Release|Win32
		{0D736B46-1066-4E76-BC6D-1DDABC336C7D}.Release|x86.Build.0 = Release|Win32
		{5D6FFE5C-B739-4DA4-8C49-3C9FFF3FE653}.Debug|x64.ActiveCfg = Debug|x64
		{5D6FFE5C-B739-4DA4-8C49-3C9FFF3FE653}.Debug|x64.Build.0 = Debug|x64
		{5D6FFE5C-B739-4DA4-8C49-3C9FFF3FE653}.Debug|x86.ActiveCfg = Debug|Win32
		{5D6FFE5C-B739-4DA4-8C49-3C9FFF3FE653}.Debug|x86.Build.0 = Debug|Win32
		{5D6FFE5C-B739-4DA4-8C49-3C9FFF3FE653}.Release|x64.ActiveCfg = Release|x64
		{5D6FFE5C-B739-4DA4-8C49-3C9FFF3FE653}.Release|x64.Build.0 = Release|x64
		{5D6FFE5C-B739-4DA4-8C49-3C9FFF3FE653}.Release|x86.ActiveCfg = Release|Win32
		{5D6FFE5C-B739-4DA4-8C49-3C9FFF3FE653}.Release|x86.Build.0 = Release|Win32
		{A548AA1F-093E-476A-9710-3B641E65F467}.Debug|x64.ActiveCfg = Debug|x64
		{A548AA1F-093E-476A-9710-3B641E65F467}.Debug|x64.Build.0 = Debug|x64
		{A548AA1F-093E-476A-9710-3B641E65F467}.Debug|x86.ActiveCfg = Debug|Win32
		{A548AA1F-093E-476A-9710-3B641E65F467}.Debug|x86.Build.0 = Debug|Win32
		{A548AA1F-093E-476A-9710-3B641E65F467}.Release|x64.ActiveCfg = Release|x64
		{A548AA1F-093E-476A-9710-3B641E65F467}.Release|x64.Build.0 = Release|x64
		{A548AA1F-093E-476A-9710-3B641E65F467}.Release|x86.ActiveCfg = Release|Win32
		{A548AA1F-093E-476A-9710-3B641E65F467}.Release|x86.Build.0 = Release|Win32
		{8EE4194A-6B8A-4984-AC7F-9524EBE70E36}.Debug|x64.ActiveCfg = Debug|x64
		{8EE4194A-6B8A-4984-AC7F-9524EBE70E36}.Debug|x64.Build.0 = Debug|x64
		{8EE4194A-6B8A-4984-AC7F-9524EBE70E36}.Debug|x86.ActiveCfg = Debug|Win32
		{8EE4194A-6B8A-4984-AC7F-9524EBE70E36}.Debug|x86.Build.0 = Debug|Win32
		{8EE4194A-6B8A-4984-AC7F-9524EBE70E36}.Release|x64.ActiveCfg = Release|x64
		{8EE4194A-6B8A-4984-AC7F-9524EBE70E36}.Release|x64.Build.0 = Release|x64
		{8EE4194A-6B8A-4984-AC7F-9524EBE70E36}.Release|x86.ActiveCfg = Release|Win32
		{8EE4194A-6B8A-4984-AC7F-9524EBE70E36}.Release|x86.Build.0 = Release|Win32
		{3A70EB27-3C10-425E-A429-A7F194E7C960}.Debug|x64.ActiveCfg = Debug|x64
		{3A70EB27-3C10-425E-A429-A7F194E7C960}.Debug|x64.Build.0 = Debug|x64
		{3A70EB27-3C10-425E-A429-A7F194E7C960}.Debug|x86.ActiveCfg = Debug|Win32
		{3A70EB27-3C10-425E-A429-A7F194E7C960}.Debug|x86.Build.0 = Debug|Win32
		{3A70EB27-3C10-425E-A429-A7F194E7C960}.Release|x64.ActiveCfg = Release|x64
		{3A70EB27-3C10-425E-A429-A7F194E7C960}.Release|x64.Build.0 = Release|x64
		{3A70EB27-3C10-425E-A429-A7F194E7C960}.Release|x86.ActiveCfg = Release|Win32
		{3A70EB27-3C10-425E-A429-A7F194E7C960}.Release|x86.Build.0 = Release|Win32
		{01545C98-2BF1-4E3C-AC41-39062AC81569}.Debug|x64.ActiveCfg = Debug|x64
		{01545C98-2BF1-4E3C-AC41-39062AC81569}.Debug|x86.ActiveCfg = Debug|Win32
		{01545C98-2BF1-4E3C-AC41-39062AC81569}.Release|x64.ActiveCfg = Release|x64
		{01545C98-2BF1-4E3C-AC41-39062AC81569}.Release|x86.ActiveCfg = Release|Win32
		{A3430AC4-21EC-4765-AD38-F34C0694AD8B}.Debug|x64.ActiveCfg = Debug|x64
		{A3430AC4-21EC-4765-AD38-F34C0694AD8B}.Debug|x64.Build.0 = Debug|x64
		{A3430AC4-21EC-4765-AD38-F34C0694AD8B}.Debug|x86.ActiveCfg = Debug|x64
		{A3430AC4-21EC-4765-AD38-F34C0694AD8B}.Release|x64.ActiveCfg = Release|x64
		{A3430AC4-21EC-4765-AD38-F34C0694AD8B}.Release|x64.Build.0 = Release|x64
		{A3430AC4-21EC-4765-AD38-F34C0694AD8B}.Release|x86.ActiveCfg = Release|x64
		{8164382D-DB9A-4CDA-9854-94F66BFA02A9}.Debug|x64.ActiveCfg = Debug|x64
		{8164382D-DB9A-4CDA-9854-94F66BFA02A9}.Debug|x64.Build.0 = Debug|x64
		{8164382D-DB9A-4CDA-9854-94F66BFA02A9}.Debug|x86.ActiveCfg = Debug|x64
		{8164382D-DB9A-4CDA-9854-94F66BFA02A9}.Release|x64.ActiveCfg = Release|x64
		{8164382D-DB9A-4CDA-9854-94F66BFA02A9}.Release|x64.Build.0 = Release|x64
		{8164382D-DB9A-4CDA-9854-94F66BFA02A9}.Release|x86.ActiveCfg = Release|x64
		{03DFD5EE-9C56-4AF7-8A09-C12D29D24715}.Debug|x64.ActiveCfg = Debug|x64
		{03DFD5EE-9C56-4AF7-8A09-C12D29D24715}.Debug|x64.Build.0 = Debug|x64
		{03DFD5EE-9C56-4AF7-8A09-C12D29D24715}.Debug|x86.ActiveCfg = Debug|Win32
		{03DFD5EE-9C56-4AF7-8A09-C12D29D24715}.Debug|x86.Build.0 = Debug|Win32
		{03DFD5EE-9C56-4AF7-8A09-C12D29D24715}.Release|x64.ActiveCfg = Release|x64
		{03DFD5EE-9C56-4AF7-8A09-C12D29D24715}.Release|x64.Build.0 = Release|x64
		{03DFD5EE-9C56-4AF7-8A09-C12D29D24715}.Release|x86.ActiveCfg = Release|Win32
		{03DFD5EE-9C56-4AF7-8A09-C12D29D24715}.Release|x86.Build.0 = Release|Win32
		{6E5A9046-A336-4368-ACC9-FBFF7CA4DEB3}.Debug|x64.ActiveCfg = Debug|x64
		{6E5A9046-A336-4368-ACC9-FBFF7CA4DEB3}.Debug|x64.Build.0 = Debug|x64
		{6E5A9046-A336-4368-ACC9-FBFF7CA4DEB3}.Debug|x86.ActiveCfg = Debug|x64
		{6E5A9046-A336-4368-ACC9-FBFF7CA4DEB3}.Release|x64.ActiveCfg = Release|x64
		{6E5A9046-A336-4368-ACC9-FBFF7CA4DEB3}.Release|x64.Build.0 = Release|x64
		{6E5A9046-A336-4368-ACC9-FBFF7CA4DEB3}.Release|x86.ActiveCfg = Release|x64
		{5FE79315-9399-49C9-957E-2DC12766ACE6}.Debug|x64.ActiveCfg = Debug|x64
		{5FE79315-9399-49C9-957E-2DC12766ACE6}.Debug|x64.Build.0 = Debug|x64
		{5FE79315-9399-49C9-957E-2DC12766ACE6}.Debug|x86.ActiveCfg = Debug|x64
		{5FE79315-9399-49C9-957E-2DC12766ACE6}.Release|x64.ActiveCfg = Release|x64
		{5FE79315-9399-49C9-957E-2DC12766ACE6}.Release|x64.Build.0 = Release|x64
		{5FE79315-9399-49C9-957E-2DC12766ACE6}.Release|x86.ActiveCfg = Release|x64
		{64420168-42EC-4226-8099-030EC0F243F3}.Debug|x64.ActiveCfg = Debug|x64
		{64420168-42EC-4226-8099-030EC0F243F3}.Debug|x64.Build.0 = Debug|x64
		{64420168-42EC-4226-8099-030EC0F243F3}.Debug|x86.ActiveCfg = Debug|Win32
		{64420168-42EC-4226-8099-030EC0F243F3}.Debug|x86.Build.0 = Debug|Win32
		{64420168-42EC-4226-8099-030EC0F243F3}.Release|x64.ActiveCfg = Release|x64
		{64420168-42EC-4226-8099-030EC0F243F3}.Release|x64.Build.0 = Release|x64
		{64420168-42EC-4226-8099-030EC0F243F3}.Release|x86.ActiveCfg = Release|Win32
		{64420168-42EC-4226-8099-030EC0F243F3}.Release|x86.Build.0 = Release|Win32
		{20003C35-6950-499D-AF7D-F7AD4FB79CF4}.Debug|x64.ActiveCfg = Debug|x64
		{20003C35-6950-499D-AF7D-F7AD4FB79CF4}.Debug|x64.Build.0 = Debug|x64
		{20003C35-6950-499D-AF7D-F7AD4FB79CF4}.Debug|x86.ActiveCfg = Debug|Win32
		{20003C35-6950-499D-AF7D-F7AD4FB79CF4}.Debug|x86.Build.0 = Debug|Win32
		{20003C35-6950-499D-AF7D-F7AD4FB79CF4}.Release|x64.ActiveCfg = Release|x64
		{20003C35-6950-499D-AF7D-F7AD4FB79CF4}.Release|x64.Build.0 = Release|x64
		{20003C35-6950-499D-AF7D-F7AD4FB79CF4}.Release|x86.ActiveCfg = Release|Win32
		{20003C35-6950-499D-AF7D-F7AD4FB79CF4}.Release|x86.Build.0 = Release|Win32
		{30A465ED-37B6-4358-9EDB-680EBFF88B22}.Debug|x64.ActiveCfg = Debug|x64
		{30A465ED-37B6-4358-9EDB-680EBFF88B22}.Debug|x64.Build.0 = Debug|x64
		{30A465ED-37B6-4358-9EDB-680EBFF88B22}.Debug|x86.ActiveCfg = Debug|x64
		{30A465ED-37B6-4358-9EDB-680EBFF88B22}.Release|x64.ActiveCfg = Release|x64
		{30A465ED-37B6-4358-9EDB-680EBFF88B22}.Release|x64.Build.0 = Release|x64
		{30A465ED-37B6-4358-9EDB-680EBFF88B22}.Release|x86.ActiveCfg = Release|x64
	EndGlobalSection
	GlobalSection(SolutionProperties) = preSolution
		HideSolutionNode = FALSE
	EndGlobalSection
	GlobalSection(NestedProjects) = preSolution
		{EDCF27F6-0A31-4A8D-A8C9-368E931543FE} = {2500E42D-CDF7-4CB8-84E7-CAF0D9C242ED}
		{425534D0-77CE-4F01-8EC3-BA2476FD4916} = {9A20E503-04FE-4D56-8524-BD40E1AE50B6}
		{1C087EA6-E90D-4C66-B699-DFB15B517116} = {9A20E503-04FE-4D56-8524-BD40E1AE50B6}
		{04BE5B47-8AB6-433D-8605-42619FA2F4F8} = {4E9C5EBE-3D71-4DE7-B488-0FF4269D6CBA}
		{BD9B84A2-7725-48E3-9E81-58D05DF9E14E} = {4E9C5EBE-3D71-4DE7-B488-0FF4269D6CBA}
		{BDFB37F0-97A4-4E0D-9DCD-AA8944218C95} = {A902CBCC-A1FA-4896-B674-9F243D8726D7}
		{1066A542-277F-4EAE-A1A5-4E862067907A} = {A902CBCC-A1FA-4896-B674-9F243D8726D7}
		{97DC4FBE-33A5-431A-9FD7-02E74A685D22} = {A902CBCC-A1FA-4896-B674-9F243D8726D7}
		{65BBBC06-4C00-4A6E-824F-C2A97F8B976C} = {9A20E503-04FE-4D56-8524-BD40E1AE50B6}
		{0D736B46-1066-4E76-BC6D-1DDABC336C7D} = {A902CBCC-A1FA-4896-B674-9F243D8726D7}
		{5D6FFE5C-B739-4DA4-8C49-3C9FFF3FE653} = {9A20E503-04FE-4D56-8524-BD40E1AE50B6}
		{A548AA1F-093E-476A-9710-3B641E65F467} = {A902CBCC-A1FA-4896-B674-9F243D8726D7}
		{8EE4194A-6B8A-4984-AC7F-9524EBE70E36} = {A902CBCC-A1FA-4896-B674-9F243D8726D7}
		{3A70EB27-3C10-425E-A429-A7F194E7C960} = {E0CEF886-6277-4155-A46C-4BA40B884AB8}
		{01545C98-2BF1-4E3C-AC41-39062AC81569} = {E0CEF886-6277-4155-A46C-4BA40B884AB8}
		{A3430AC4-21EC-4765-AD38-F34C0694AD8B} = {F05CEC93-08F6-4B7C-BA22-52EB0C83F0FB}
		{8164382D-DB9A-4CDA-9854-94F66BFA02A9} = {F05CEC93-08F6-4B7C-BA22-52EB0C83F0FB}
		{03DFD5EE-9C56-4AF7-8A09-C12D29D24715} = {A902CBCC-A1FA-4896-B674-9F243D8726D7}
		{6E5A9046-A336-4368-ACC9-FBFF7CA4DEB3} = {F05CEC93-08F6-4B7C-BA22-52EB0C83F0FB}
		{5FE79315-9399-49C9-957E-2DC12766ACE6} = {F05CEC93-08F6-4B7C-BA22-52EB0C83F0FB}
		{64420168-42EC-4226-8099-030EC0F243F3} = {F05CEC93-08F6-4B7C-BA22-52EB0C83F0FB}
		{20003C35-6950-499D-AF7D-F7AD4FB79CF4} = {4E9C5EBE-3D71-4DE7-B488-0FF4269D6CBA}
		{30A465ED-37B6-4358-9EDB-680EBFF88B22} = {F05CEC93-08F6-4B7C-BA22-52EB0C83F0FB}
	EndGlobalSection
	GlobalSection(ExtensibilityGlobals) = postSolution
		SolutionGuid = {2D4BE787-316E-43C4-981F-708108FDC99B}
	EndGlobalSection
	GlobalSection(Performance) = preSolution
		HasPerformanceSessions = true
	EndGlobalSection
EndGlobal
